
Microsoft Visual Studio Solution File, Format Version 12.00
# Visual Studio Version 17
VisualStudioVersion = 17.11.35222.181
MinimumVisualStudioVersion = 10.0.40219.1
Project("{9A19103F-16F7-4668-BE54-9A1E7A4F7556}") = "FarmAPI", "FarmAPI\FarmAPI.csproj", "{BB13CFCE-20A6-4DEB-B006-12694FC33DFA}"
EndProject
Global
	GlobalSection(SolutionConfigurationPlatforms) = preSolution
		Debug|Any CPU = Debug|Any CPU
		Release|Any CPU = Release|Any CPU
	EndGlobalSection
	GlobalSection(ProjectConfigurationPlatforms) = postSolution
		{BB13CFCE-20A6-4DEB-B006-12694FC33DFA}.Debug|Any CPU.ActiveCfg = Debug|Any CPU
		{BB13CFCE-20A6-4DEB-B006-12694FC33DFA}.Debug|Any CPU.Build.0 = Debug|Any CPU
		{BB13CFCE-20A6-4DEB-B006-12694FC33DFA}.Release|Any CPU.ActiveCfg = Release|Any CPU
		{BB13CFCE-20A6-4DEB-B006-12694FC33DFA}.Release|Any CPU.Build.0 = Release|Any CPU
	EndGlobalSection
	GlobalSection(SolutionProperties) = preSolution
		HideSolutionNode = FALSE
	EndGlobalSection
	GlobalSection(ExtensibilityGlobals) = postSolution
		SolutionGuid = {E7B7E43B-E4BC-4C92-A3AF-B0F1540FC68A}
	EndGlobalSection
EndGlobal
